
Microsoft Visual Studio Solution File, Format Version 12.00
# Visual Studio 15
Project("{FAE04EC0-301F-11D3-BF4B-00C04F79EFBC}") = "Assembly-CSharp", "Assembly-CSharp.csproj", "{BA2AA60E-F573-6C81-A424-A8181A8A0FED}"
EndProject
Project("{FAE04EC0-301F-11D3-BF4B-00C04F79EFBC}") = "Assembly-CSharp-Editor", "Assembly-CSharp-Editor.csproj", "{38750A9F-DF44-DAE9-AF90-2632F95E1E62}"
EndProject
Global
	GlobalSection(SolutionConfigurationPlatforms) = preSolution
		Debug|Any CPU = Debug|Any CPU
		Release|Any CPU = Release|Any CPU
	EndGlobalSection
	GlobalSection(ProjectConfigurationPlatforms) = postSolution
		{BA2AA60E-F573-6C81-A424-A8181A8A0FED}.Debug|Any CPU.ActiveCfg = Debug|Any CPU
		{BA2AA60E-F573-6C81-A424-A8181A8A0FED}.Debug|Any CPU.Build.0 = Debug|Any CPU
		{BA2AA60E-F573-6C81-A424-A8181A8A0FED}.Release|Any CPU.ActiveCfg = Release|Any CPU
		{BA2AA60E-F573-6C81-A424-A8181A8A0FED}.Release|Any CPU.Build.0 = Release|Any CPU
		{38750A9F-DF44-DAE9-AF90-2632F95E1E62}.Debug|Any CPU.ActiveCfg = Debug|Any CPU
		{38750A9F-DF44-DAE9-AF90-2632F95E1E62}.Debug|Any CPU.Build.0 = Debug|Any CPU
		{38750A9F-DF44-DAE9-AF90-2632F95E1E62}.Release|Any CPU.ActiveCfg = Release|Any CPU
		{38750A9F-DF44-DAE9-AF90-2632F95E1E62}.Release|Any CPU.Build.0 = Release|Any CPU
	EndGlobalSection
	GlobalSection(SolutionProperties) = preSolution
		HideSolutionNode = FALSE
	EndGlobalSection
EndGlobal
